
Microsoft Visual Studio Solution File, Format Version 12.00
# Visual Studio 15
VisualStudioVersion = 15.0.28307.572
MinimumVisualStudioVersion = 10.0.40219.1
Project("{FAE04EC0-301F-11D3-BF4B-00C04F79EFBC}") = "Play And Ate", "Play And Ate\Play And Ate.csproj", "{5B87F679-5E59-4453-9236-9C84F5A243EF}"
EndProject
Project("{FAE04EC0-301F-11D3-BF4B-00C04F79EFBC}") = "FTZ.PlayAndAte.Models", "FTZ.PlayAndAte.Models\FTZ.PlayAndAte.Models.csproj", "{7384C779-1C2A-4D18-88B0-52911E368678}"
EndProject
Project("{FAE04EC0-301F-11D3-BF4B-00C04F79EFBC}") = "FTZ.PlayAndAte.BLL", "FTZ.PlayAndAte.BLL\FTZ.PlayAndAte.BLL.csproj", "{66603945-F973-4954-8232-30364B2C866B}"
EndProject
Project("{FAE04EC0-301F-11D3-BF4B-00C04F79EFBC}") = "FTZ.PlayAndAte.DAL", "FTZ.PlayAndAte.DAL\FTZ.PlayAndAte.DAL.csproj", "{406480F1-BF10-43B1-AB7F-8A3F9845FD88}"
EndProject
Global
	GlobalSection(SolutionConfigurationPlatforms) = preSolution
		Debug|Any CPU = Debug|Any CPU
		Release|Any CPU = Release|Any CPU
	EndGlobalSection
	GlobalSection(ProjectConfigurationPlatforms) = postSolution
		{5B87F679-5E59-4453-9236-9C84F5A243EF}.Debug|Any CPU.ActiveCfg = Debug|Any CPU
		{5B87F679-5E59-4453-9236-9C84F5A243EF}.Debug|Any CPU.Build.0 = Debug|Any CPU
		{5B87F679-5E59-4453-9236-9C84F5A243EF}.Release|Any CPU.ActiveCfg = Release|Any CPU
		{5B87F679-5E59-4453-9236-9C84F5A243EF}.Release|Any CPU.Build.0 = Release|Any CPU
		{7384C779-1C2A-4D18-88B0-52911E368678}.Debug|Any CPU.ActiveCfg = Debug|Any CPU
		{7384C779-1C2A-4D18-88B0-52911E368678}.Debug|Any CPU.Build.0 = Debug|Any CPU
		{7384C779-1C2A-4D18-88B0-52911E368678}.Release|Any CPU.ActiveCfg = Release|Any CPU
		{7384C779-1C2A-4D18-88B0-52911E368678}.Release|Any CPU.Build.0 = Release|Any CPU
		{66603945-F973-4954-8232-30364B2C866B}.Debug|Any CPU.ActiveCfg = Debug|Any CPU
		{66603945-F973-4954-8232-30364B2C866B}.Debug|Any CPU.Build.0 = Debug|Any CPU
		{66603945-F973-4954-8232-30364B2C866B}.Release|Any CPU.ActiveCfg = Release|Any CPU
		{66603945-F973-4954-8232-30364B2C866B}.Release|Any CPU.Build.0 = Release|Any CPU
		{406480F1-BF10-43B1-AB7F-8A3F9845FD88}.Debug|Any CPU.ActiveCfg = Debug|Any CPU
		{406480F1-BF10-43B1-AB7F-8A3F9845FD88}.Debug|Any CPU.Build.0 = Debug|Any CPU
		{406480F1-BF10-43B1-AB7F-8A3F9845FD88}.Release|Any CPU.ActiveCfg = Release|Any CPU
		{406480F1-BF10-43B1-AB7F-8A3F9845FD88}.Release|Any CPU.Build.0 = Release|Any CPU
	EndGlobalSection
	GlobalSection(SolutionProperties) = preSolution
		HideSolutionNode = FALSE
	EndGlobalSection
	GlobalSection(ExtensibilityGlobals) = postSolution
		SolutionGuid = {506F190C-707D-4EBF-AA09-5210A91F4EE3}
	EndGlobalSection
EndGlobal
